// !$*UTF8*$!
{
	archiveVersion = 1;
	classes = {
	};
	objectVersion = 50;
	objects = {

/* Begin PBXBuildFile section */
		223B4D8026DB7E1300CBDBC7 /* AppDelegate.swift in Sources */ = {isa = PBXBuildFile; fileRef = 223B4D7F26DB7E1300CBDBC7 /* AppDelegate.swift */; };
		223B4D8226DB7E1300CBDBC7 /* SceneDelegate.swift in Sources */ = {isa = PBXBuildFile; fileRef = 223B4D8126DB7E1300CBDBC7 /* SceneDelegate.swift */; };
		223B4D8426DB7E1300CBDBC7 /* ViewController.swift in Sources */ = {isa = PBXBuildFile; fileRef = 223B4D8326DB7E1300CBDBC7 /* ViewController.swift */; };
		223B4D8726DB7E1300CBDBC7 /* Main.storyboard in Resources */ = {isa = PBXBuildFile; fileRef = 223B4D8526DB7E1300CBDBC7 /* Main.storyboard */; };
		223B4D8A26DB7E1300CBDBC7 /* Core_Data_ToDoList.xcdatamodeld in Sources */ = {isa = PBXBuildFile; fileRef = 223B4D8826DB7E1300CBDBC7 /* Core_Data_ToDoList.xcdatamodeld */; };
		223B4D8C26DB7E1300CBDBC7 /* Assets.xcassets in Resources */ = {isa = PBXBuildFile; fileRef = 223B4D8B26DB7E1300CBDBC7 /* Assets.xcassets */; };
		223B4D8F26DB7E1300CBDBC7 /* LaunchScreen.storyboard in Resources */ = {isa = PBXBuildFile; fileRef = 223B4D8D26DB7E1300CBDBC7 /* LaunchScreen.storyboard */; };
		223B4D9826DB7EC800CBDBC7 /* ToDoListItem+CoreDataClass.swift in Sources */ = {isa = PBXBuildFile; fileRef = 223B4D9626DB7EC800CBDBC7 /* ToDoListItem+CoreDataClass.swift */; };
		223B4D9926DB7EC800CBDBC7 /* ToDoListItem+CoreDataProperties.swift in Sources */ = {isa = PBXBuildFile; fileRef = 223B4D9726DB7EC800CBDBC7 /* ToDoListItem+CoreDataProperties.swift */; };
		22E60F292A30CE940099BD1C /* CoreDataManager.swift in Sources */ = {isa = PBXBuildFile; fileRef = 22E60F282A30CE940099BD1C /* CoreDataManager.swift */; };
/* End PBXBuildFile section */

/* Begin PBXFileReference section */
		223B4D7C26DB7E1300CBDBC7 /* Core Data ToDoList.app */ = {isa = PBXFileReference; explicitFileType = wrapper.application; includeInIndex = 0; path = "Core Data ToDoList.app"; sourceTree = BUILT_PRODUCTS_DIR; };
		223B4D7F26DB7E1300CBDBC7 /* AppDelegate.swift */ = {isa = PBXFileReference; lastKnownFileType = sourcecode.swift; path = AppDelegate.swift; sourceTree = "<group>"; };
		223B4D8126DB7E1300CBDBC7 /* SceneDelegate.swift */ = {isa = PBXFileReference; lastKnownFileType = sourcecode.swift; path = SceneDelegate.swift; sourceTree = "<group>"; };
		223B4D8326DB7E1300CBDBC7 /* ViewController.swift */ = {isa = PBXFileReference; lastKnownFileType = sourcecode.swift; path = ViewController.swift; sourceTree = "<group>"; };
		223B4D8626DB7E1300CBDBC7 /* Base */ = {isa = PBXFileReference; lastKnownFileType = file.storyboard; name = Base; path = Base.lproj/Main.storyboard; sourceTree = "<group>"; };
		223B4D8926DB7E1300CBDBC7 /* Core_Data_ToDoList.xcdatamodel */ = {isa = PBXFileReference; lastKnownFileType = wrapper.xcdatamodel; path = Core_Data_ToDoList.xcdatamodel; sourceTree = "<group>"; };
		223B4D8B26DB7E1300CBDBC7 /* Assets.xcassets */ = {isa = PBXFileReference; lastKnownFileType = folder.assetcatalog; path = Assets.xcassets; sourceTree = "<group>"; };
		223B4D8E26DB7E1300CBDBC7 /* Base */ = {isa = PBXFileReference; lastKnownFileType = file.storyboard; name = Base; path = Base.lproj/LaunchScreen.storyboard; sourceTree = "<group>"; };
		223B4D9026DB7E1300CBDBC7 /* Info.plist */ = {isa = PBXFileReference; lastKnownFileType = text.plist.xml; path = Info.plist; sourceTree = "<group>"; };
		223B4D9626DB7EC800CBDBC7 /* ToDoListItem+CoreDataClass.swift */ = {isa = PBXFileReference; lastKnownFileType = sourcecode.swift; path = "ToDoListItem+CoreDataClass.swift"; sourceTree = "<group>"; };
		223B4D9726DB7EC800CBDBC7 /* ToDoListItem+CoreDataProperties.swift */ = {isa = PBXFileReference; lastKnownFileType = sourcecode.swift; path = "ToDoListItem+CoreDataProperties.swift"; sourceTree = "<group>"; };
		22E60F282A30CE940099BD1C /* CoreDataManager.swift */ = {isa = PBXFileReference; lastKnownFileType = sourcecode.swift; path = CoreDataManager.swift; sourceTree = "<group>"; };
/* End PBXFileReference section */

/* Begin PBXFrameworksBuildPhase section */
		223B4D7926DB7E1300CBDBC7 /* Frameworks */ = {
			isa = PBXFrameworksBuildPhase;
			buildActionMask = 2147483647;
			files = (
			);
			runOnlyForDeploymentPostprocessing = 0;
		};
/* End PBXFrameworksBuildPhase section */

/* Begin PBXGroup section */
		223B4D7326DB7E1300CBDBC7 = {
			isa = PBXGroup;
			children = (
				223B4D7E26DB7E1300CBDBC7 /* Core Data ToDoList */,
				223B4D7D26DB7E1300CBDBC7 /* Products */,
			);
			sourceTree = "<group>";
		};
		223B4D7D26DB7E1300CBDBC7 /* Products */ = {
			isa = PBXGroup;
			children = (
				223B4D7C26DB7E1300CBDBC7 /* Core Data ToDoList.app */,
			);
			name = Products;
			sourceTree = "<group>";
		};
		223B4D7E26DB7E1300CBDBC7 /* Core Data ToDoList */ = {
			isa = PBXGroup;
			children = (
				223B4D9A26DB7EE300CBDBC7 /* ToDoListItem */,
				223B4D7F26DB7E1300CBDBC7 /* AppDelegate.swift */,
				223B4D8126DB7E1300CBDBC7 /* SceneDelegate.swift */,
				223B4D8326DB7E1300CBDBC7 /* ViewController.swift */,
				223B4D8526DB7E1300CBDBC7 /* Main.storyboard */,
				223B4D8B26DB7E1300CBDBC7 /* Assets.xcassets */,
				223B4D8D26DB7E1300CBDBC7 /* LaunchScreen.storyboard */,
				223B4D9026DB7E1300CBDBC7 /* Info.plist */,
				223B4D8826DB7E1300CBDBC7 /* Core_Data_ToDoList.xcdatamodeld */,
				22E60F282A30CE940099BD1C /* CoreDataManager.swift */,
			);
			path = "Core Data ToDoList";
			sourceTree = "<group>";
		};
		223B4D9A26DB7EE300CBDBC7 /* ToDoListItem */ = {
			isa = PBXGroup;
			children = (
				223B4D9626DB7EC800CBDBC7 /* ToDoListItem+CoreDataClass.swift */,
				223B4D9726DB7EC800CBDBC7 /* ToDoListItem+CoreDataProperties.swift */,
			);
			path = ToDoListItem;
			sourceTree = "<group>";
		};
/* End PBXGroup section */

/* Begin PBXNativeTarget section */
		223B4D7B26DB7E1300CBDBC7 /* Core Data ToDoList */ = {
			isa = PBXNativeTarget;
			buildConfigurationList = 223B4D9326DB7E1300CBDBC7 /* Build configuration list for PBXNativeTarget "Core Data ToDoList" */;
			buildPhases = (
				223B4D7826DB7E1300CBDBC7 /* Sources */,
				223B4D7926DB7E1300CBDBC7 /* Frameworks */,
				223B4D7A26DB7E1300CBDBC7 /* Resources */,
			);
			buildRules = (
			);
			dependencies = (
			);
			name = "Core Data ToDoList";
			productName = "Core Data ToDoList";
			productReference = 223B4D7C26DB7E1300CBDBC7 /* Core Data ToDoList.app */;
			productType = "com.apple.product-type.application";
		};
/* End PBXNativeTarget section */

/* Begin PBXProject section */
		223B4D7426DB7E1300CBDBC7 /* Project object */ = {
			isa = PBXProject;
			attributes = {
				LastSwiftUpdateCheck = 1250;
				LastUpgradeCheck = 1250;
				TargetAttributes = {
					223B4D7B26DB7E1300CBDBC7 = {
						CreatedOnToolsVersion = 12.5.1;
					};
				};
			};
			buildConfigurationList = 223B4D7726DB7E1300CBDBC7 /* Build configuration list for PBXProject "Core Data ToDoList" */;
			compatibilityVersion = "Xcode 9.3";
			developmentRegion = en;
			hasScannedForEncodings = 0;
			knownRegions = (
				en,
				Base,
			);
			mainGroup = 223B4D7326DB7E1300CBDBC7;
			productRefGroup = 223B4D7D26DB7E1300CBDBC7 /* Products */;
			projectDirPath = "";
			projectRoot = "";
			targets = (
				223B4D7B26DB7E1300CBDBC7 /* Core Data ToDoList */,
			);
		};
/* End PBXProject section */

/* Begin PBXResourcesBuildPhase section */
		223B4D7A26DB7E1300CBDBC7 /* Resources */ = {
			isa = PBXResourcesBuildPhase;
			buildActionMask = 2147483647;
			files = (
				223B4D8F26DB7E1300CBDBC7 /* LaunchScreen.storyboard in Resources */,
				223B4D8C26DB7E1300CBDBC7 /* Assets.xcassets in Resources */,
				223B4D8726DB7E1300CBDBC7 /* Main.storyboard in Resources */,
			);
			runOnlyForDeploymentPostprocessing = 0;
		};
/* End PBXResourcesBuildPhase section */

/* Begin PBXSourcesBuildPhase section */
		223B4D7826DB7E1300CBDBC7 /* Sources */ = {
			isa = PBXSourcesBuildPhase;
			buildActionMask = 2147483647;
			files = (
				223B4D8426DB7E1300CBDBC7 /* ViewController.swift in Sources */,
				223B4D8026DB7E1300CBDBC7 /* AppDelegate.swift in Sources */,
				223B4D8A26DB7E1300CBDBC7 /* Core_Data_ToDoList.xcdatamodeld in Sources */,
				223B4D9826DB7EC800CBDBC7 /* ToDoListItem+CoreDataClass.swift in Sources */,
				223B4D9926DB7EC800CBDBC7 /* ToDoListItem+CoreDataProperties.swift in Sources */,
				22E60F292A30CE940099BD1C /* CoreDataManager.swift in Sources */,
				223B4D8226DB7E1300CBDBC7 /* SceneDelegate.swift in Sources */,
			);
			runOnlyForDeploymentPostprocessing = 0;
		};
/* End PBXSourcesBuildPhase section */

/* Begin PBXVariantGroup section */
		223B4D8526DB7E1300CBDBC7 /* Main.storyboard */ = {
			isa = PBXVariantGroup;
			children = (
				223B4D8626DB7E1300CBDBC7 /* Base */,
			);
			name = Main.storyboard;
			sourceTree = "<group>";
		};
		223B4D8D26DB7E1300CBDBC7 /* LaunchScreen.storyboard */ = {
			isa = PBXVariantGroup;
			children = (
				223B4D8E26DB7E1300CBDBC7 /* Base */,
			);
			name = LaunchScreen.storyboard;
			sourceTree = "<group>";
		};
/* End PBXVariantGroup section */

/* Begin XCBuildConfiguration section */
		223B4D9126DB7E1300CBDBC7 /* Debug */ = {
			isa = XCBuildConfiguration;
			buildSettings = {
				ALWAYS_SEARCH_USER_PATHS = NO;
				CLANG_ANALYZER_NONNULL = YES;
				CLANG_ANALYZER_NUMBER_OBJECT_CONVERSION = YES_AGGRESSIVE;
				CLANG_CXX_LANGUAGE_STANDARD = "gnu++14";
				CLANG_CXX_LIBRARY = "libc++";
				CLANG_ENABLE_MODULES = YES;
				CLANG_ENABLE_OBJC_ARC = YES;
				CLANG_ENABLE_OBJC_WEAK = YES;
				CLANG_WARN_BLOCK_CAPTURE_AUTORELEASING = YES;
				CLANG_WARN_BOOL_CONVERSION = YES;
				CLANG_WARN_COMMA = YES;
				CLANG_WARN_CONSTANT_CONVERSION = YES;
				CLANG_WARN_DEPRECATED_OBJC_IMPLEMENTATIONS = YES;
				CLANG_WARN_DIRECT_OBJC_ISA_USAGE = YES_ERROR;
				CLANG_WARN_DOCUMENTATION_COMMENTS = YES;
				CLANG_WARN_EMPTY_BODY = YES;
				CLANG_WARN_ENUM_CONVERSION = YES;
				CLANG_WARN_INFINITE_RECURSION = YES;
				CLANG_WARN_INT_CONVERSION = YES;
				CLANG_WARN_NON_LITERAL_NULL_CONVERSION = YES;
				CLANG_WARN_OBJC_IMPLICIT_RETAIN_SELF = YES;
				CLANG_WARN_OBJC_LITERAL_CONVERSION = YES;
				CLANG_WARN_OBJC_ROOT_CLASS = YES_ERROR;
				CLANG_WARN_QUOTED_INCLUDE_IN_FRAMEWORK_HEADER = YES;
				CLANG_WARN_RANGE_LOOP_ANALYSIS = YES;
				CLANG_WARN_STRICT_PROTOTYPES = YES;
				CLANG_WARN_SUSPICIOUS_MOVE = YES;
				CLANG_WARN_UNGUARDED_AVAILABILITY = YES_AGGRESSIVE;
				CLANG_WARN_UNREACHABLE_CODE = YES;
				CLANG_WARN__DUPLICATE_METHOD_MATCH = YES;
				COPY_PHASE_STRIP = NO;
				DEBUG_INFORMATION_FORMAT = dwarf;
				ENABLE_STRICT_OBJC_MSGSEND = YES;
				ENABLE_TESTABILITY = YES;
				GCC_C_LANGUAGE_STANDARD = gnu11;
				GCC_DYNAMIC_NO_PIC = NO;
				GCC_NO_COMMON_BLOCKS = YES;
				GCC_OPTIMIZATION_LEVEL = 0;
				GCC_PREPROCESSOR_DEFINITIONS = (
					"DEBUG=1",
					"$(inherited)",
				);
				GCC_WARN_64_TO_32_BIT_CONVERSION = YES;
				GCC_WARN_ABOUT_RETURN_TYPE = YES_ERROR;
				GCC_WARN_UNDECLARED_SELECTOR = YES;
				GCC_WARN_UNINITIALIZED_AUTOS = YES_AGGRESSIVE;
				GCC_WARN_UNUSED_FUNCTION = YES;
				GCC_WARN_UNUSED_VARIABLE = YES;
				IPHONEOS_DEPLOYMENT_TARGET = 14.5;
				MTL_ENABLE_DEBUG_INFO = INCLUDE_SOURCE;
				MTL_FAST_MATH = YES;
				ONLY_ACTIVE_ARCH = YES;
				SDKROOT = iphoneos;
				SWIFT_ACTIVE_COMPILATION_CONDITIONS = DEBUG;
				SWIFT_OPTIMIZATION_LEVEL = "-Onone";
			};
			name = Debug;
		};
		223B4D9226DB7E1300CBDBC7 /* Release */ = {
			isa = XCBuildConfiguration;
			buildSettings = {
				ALWAYS_SEARCH_USER_PATHS = NO;
				CLANG_ANALYZER_NONNULL = YES;
				CLANG_ANALYZER_NUMBER_OBJECT_CONVERSION = YES_AGGRESSIVE;
				CLANG_CXX_LANGUAGE_STANDARD = "gnu++14";
				CLANG_CXX_LIBRARY = "libc++";
				CLANG_ENABLE_MODULES = YES;
				CLANG_ENABLE_OBJC_ARC = YES;
				CLANG_ENABLE_OBJC_WEAK = YES;
				CLANG_WARN_BLOCK_CAPTURE_AUTORELEASING = YES;
				CLANG_WARN_BOOL_CONVERSION = YES;
				CLANG_WARN_COMMA = YES;
				CLANG_WARN_CONSTANT_CONVERSION = YES;
				CLANG_WARN_DEPRECATED_OBJC_IMPLEMENTATIONS = YES;
				CLANG_WARN_DIRECT_OBJC_ISA_USAGE = YES_ERROR;
				CLANG_WARN_DOCUMENTATION_COMMENTS = YES;
				CLANG_WARN_EMPTY_BODY = YES;
				CLANG_WARN_ENUM_CONVERSION = YES;
				CLANG_WARN_INFINITE_RECURSION = YES;
				CLANG_WARN_INT_CONVERSION = YES;
				CLANG_WARN_NON_LITERAL_NULL_CONVERSION = YES;
				CLANG_WARN_OBJC_IMPLICIT_RETAIN_SELF = YES;
				CLANG_WARN_OBJC_LITERAL_CONVERSION = YES;
				CLANG_WARN_OBJC_ROOT_CLASS = YES_ERROR;
				CLANG_WARN_QUOTED_INCLUDE_IN_FRAMEWORK_HEADER = YES;
				CLANG_WARN_RANGE_LOOP_ANALYSIS = YES;
				CLANG_WARN_STRICT_PROTOTYPES = YES;
				CLANG_WARN_SUSPICIOUS_MOVE = YES;
				CLANG_WARN_UNGUARDED_AVAILABILITY = YES_AGGRESSIVE;
				CLANG_WARN_UNREACHABLE_CODE = YES;
				CLANG_WARN__DUPLICATE_METHOD_MATCH = YES;
				COPY_PHASE_STRIP = NO;
				DEBUG_INFORMATION_FORMAT = "dwarf-with-dsym";
				ENABLE_NS_ASSERTIONS = NO;
				ENABLE_STRICT_OBJC_MSGSEND = YES;
				GCC_C_LANGUAGE_STANDARD = gnu11;
				GCC_NO_COMMON_BLOCKS = YES;
				GCC_WARN_64_TO_32_BIT_CONVERSION = YES;
				GCC_WARN_ABOUT_RETURN_TYPE = YES_ERROR;
				GCC_WARN_UNDECLARED_SELECTOR = YES;
				GCC_WARN_UNINITIALIZED_AUTOS = YES_AGGRESSIVE;
				GCC_WARN_UNUSED_FUNCTION = YES;
				GCC_WARN_UNUSED_VARIABLE = YES;
				IPHONEOS_DEPLOYMENT_TARGET = 14.5;
				MTL_ENABLE_DEBUG_INFO = NO;
				MTL_FAST_MATH = YES;
				SDKROOT = iphoneos;
				SWIFT_COMPILATION_MODE = wholemodule;
				SWIFT_OPTIMIZATION_LEVEL = "-O";
				VALIDATE_PRODUCT = YES;
			};
			name = Release;
		};
		223B4D9426DB7E1300CBDBC7 /* Debug */ = {
			isa = XCBuildConfiguration;
			buildSettings = {
				ASSETCATALOG_COMPILER_APPICON_NAME = AppIcon;
				ASSETCATALOG_COMPILER_GLOBAL_ACCENT_COLOR_NAME = AccentColor;
				CODE_SIGN_STYLE = Automatic;
				INFOPLIST_FILE = "Core Data ToDoList/Info.plist";
				LD_RUNPATH_SEARCH_PATHS = (
					"$(inherited)",
					"@executable_path/Frameworks",
				);
				PRODUCT_BUNDLE_IDENTIFIER = "com.khoile.Core-Data-ToDoList";
				PRODUCT_NAME = "$(TARGET_NAME)";
				SWIFT_VERSION = 5.0;
				TARGETED_DEVICE_FAMILY = "1,2";
			};
			name = Debug;
		};
		223B4D9526DB7E1300CBDBC7 /* Release */ = {
			isa = XCBuildConfiguration;
			buildSettings = {
				ASSETCATALOG_COMPILER_APPICON_NAME = AppIcon;
				ASSETCATALOG_COMPILER_GLOBAL_ACCENT_COLOR_NAME = AccentColor;
				CODE_SIGN_STYLE = Automatic;
				INFOPLIST_FILE = "Core Data ToDoList/Info.plist";
				LD_RUNPATH_SEARCH_PATHS = (
					"$(inherited)",
					"@executable_path/Frameworks",
				);
				PRODUCT_BUNDLE_IDENTIFIER = "com.khoile.Core-Data-ToDoList";
				PRODUCT_NAME = "$(TARGET_NAME)";
				SWIFT_VERSION = 5.0;
				TARGETED_DEVICE_FAMILY = "1,2";
			};
			name = Release;
		};
/* End XCBuildConfiguration section */

/* Begin XCConfigurationList section */
		223B4D7726DB7E1300CBDBC7 /* Build configuration list for PBXProject "Core Data ToDoList" */ = {
			isa = XCConfigurationList;
			buildConfigurations = (
				223B4D9126DB7E1300CBDBC7 /* Debug */,
				223B4D9226DB7E1300CBDBC7 /* Release */,
			);
			defaultConfigurationIsVisible = 0;
			defaultConfigurationName = Release;
		};
		223B4D9326DB7E1300CBDBC7 /* Build configuration list for PBXNativeTarget "Core Data ToDoList" */ = {
			isa = XCConfigurationList;
			buildConfigurations = (
				223B4D9426DB7E1300CBDBC7 /* Debug */,
				223B4D9526DB7E1300CBDBC7 /* Release */,
			);
			defaultConfigurationIsVisible = 0;
			defaultConfigurationName = Release;
		};
/* End XCConfigurationList section */

/* Begin XCVersionGroup section */
		223B4D8826DB7E1300CBDBC7 /* Core_Data_ToDoList.xcdatamodeld */ = {
			isa = XCVersionGroup;
			children = (
				223B4D8926DB7E1300CBDBC7 /* Core_Data_ToDoList.xcdatamodel */,
			);
			currentVersion = 223B4D8926DB7E1300CBDBC7 /* Core_Data_ToDoList.xcdatamodel */;
			path = Core_Data_ToDoList.xcdatamodeld;
			sourceTree = "<group>";
			versionGroupType = wrapper.xcdatamodel;
		};
/* End XCVersionGroup section */
	};
	rootObject = 223B4D7426DB7E1300CBDBC7 /* Project object */;
}
